// !$*UTF8*$!
{
	archiveVersion = 1;
	classes = {
	};
	objectVersion = 48;
	objects = {

/* Begin PBXBuildFile section */
		6101C84A7830EE8F63F23597 /* libPods-AdvancedUISDKUseAge.a in Frameworks */ = {isa = PBXBuildFile; fileRef = 209A9D1B772ADD67EF1F35C8 /* libPods-AdvancedUISDKUseAge.a */; };
		FC21DD151FBED20F0003903A /* DynamicViewController.m in Sources */ = {isa = PBXBuildFile; fileRef = FC21DD131FBED20F0003903A /* DynamicViewController.m */; };
		FC21DD161FBED20F0003903A /* DynamicViewController.xib in Resources */ = {isa = PBXBuildFile; fileRef = FC21DD141FBED20F0003903A /* DynamicViewController.xib */; };
		FC35530B1FF0C86F00C691D1 /* Animator.m in Sources */ = {isa = PBXBuildFile; fileRef = FC66B4661FF0C7660095E283 /* Animator.m */; };
		FC399B951FDE1B81007E0CE5 /* AnimationDataManager.mm in Sources */ = {isa = PBXBuildFile; fileRef = FC399B931FDE1B81007E0CE5 /* AnimationDataManager.mm */; };
		FC5B09511FE8B771001A4EFD /* TestModel.m in Sources */ = {isa = PBXBuildFile; fileRef = FC5B09501FE8B771001A4EFD /* TestModel.m */; };
		FC66B45B1FF0C4B00095E283 /* TransitionViewController.m in Sources */ = {isa = PBXBuildFile; fileRef = FC66B45A1FF0C4B00095E283 /* TransitionViewController.m */; };
		FC66B4641FF0C59D0095E283 /* NavTransitionDelegate.m in Sources */ = {isa = PBXBuildFile; fileRef = FC66B4631FF0C59D0095E283 /* NavTransitionDelegate.m */; };
		FC8402FD1FD27DF700B540E0 /* BerKeyFrameViewController.xib in Resources */ = {isa = PBXBuildFile; fileRef = FC8402FB1FD27DF700B540E0 /* BerKeyFrameViewController.xib */; };
		FCB7082A1FBDCD9A0094A903 /* AppDelegate.m in Sources */ = {isa = PBXBuildFile; fileRef = FCB708291FBDCD9A0094A903 /* AppDelegate.m */; };
		FCB708301FBDCD9A0094A903 /* Main.storyboard in Resources */ = {isa = PBXBuildFile; fileRef = FCB7082E1FBDCD9A0094A903 /* Main.storyboard */; };
		FCB708321FBDCD9A0094A903 /* Assets.xcassets in Resources */ = {isa = PBXBuildFile; fileRef = FCB708311FBDCD9A0094A903 /* Assets.xcassets */; };
		FCB708351FBDCD9A0094A903 /* LaunchScreen.storyboard in Resources */ = {isa = PBXBuildFile; fileRef = FCB708331FBDCD9A0094A903 /* LaunchScreen.storyboard */; };
		FCB708381FBDCD9A0094A903 /* main.m in Sources */ = {isa = PBXBuildFile; fileRef = FCB708371FBDCD9A0094A903 /* main.m */; };
		FCB708421FBDCD9A0094A903 /* AdvancedUISDKUseAgeTests.m in Sources */ = {isa = PBXBuildFile; fileRef = FCB708411FBDCD9A0094A903 /* AdvancedUISDKUseAgeTests.m */; };
		FCB7084D1FBDCD9A0094A903 /* AdvancedUISDKUseAgeUITests.m in Sources */ = {isa = PBXBuildFile; fileRef = FCB7084C1FBDCD9A0094A903 /* AdvancedUISDKUseAgeUITests.m */; };
		FCB7085C1FBDDB110094A903 /* BaseNavViewController.m in Sources */ = {isa = PBXBuildFile; fileRef = FCB7085B1FBDDB110094A903 /* BaseNavViewController.m */; };
		FCB7085F1FBDDB320094A903 /* BaseTabBarController.m in Sources */ = {isa = PBXBuildFile; fileRef = FCB7085E1FBDDB320094A903 /* BaseTabBarController.m */; };
		FCB708631FBDDC790094A903 /* BaseViewController.m in Sources */ = {isa = PBXBuildFile; fileRef = FCB708621FBDDC790094A903 /* BaseViewController.m */; };
		FCB708671FBDDCB30094A903 /* Item0ViewController.m in Sources */ = {isa = PBXBuildFile; fileRef = FCB708651FBDDCB30094A903 /* Item0ViewController.m */; };
		FCB708681FBDDCB30094A903 /* Item0ViewController.xib in Resources */ = {isa = PBXBuildFile; fileRef = FCB708661FBDDCB30094A903 /* Item0ViewController.xib */; };
		FCB7086C1FBDDCC30094A903 /* Item1ViewController.m in Sources */ = {isa = PBXBuildFile; fileRef = FCB7086A1FBDDCC30094A903 /* Item1ViewController.m */; };
		FCB7086D1FBDDCC30094A903 /* Item1ViewController.xib in Resources */ = {isa = PBXBuildFile; fileRef = FCB7086B1FBDDCC30094A903 /* Item1ViewController.xib */; };
		FCB708711FBDDCD00094A903 /* Item2ViewController.m in Sources */ = {isa = PBXBuildFile; fileRef = FCB7086F1FBDDCD00094A903 /* Item2ViewController.m */; };
		FCB708721FBDDCD00094A903 /* Item2ViewController.xib in Resources */ = {isa = PBXBuildFile; fileRef = FCB708701FBDDCD00094A903 /* Item2ViewController.xib */; };
		FCE7931A1FE7A5890075ABA9 /* NSObject+PrintAllProperty.m in Sources */ = {isa = PBXBuildFile; fileRef = FCE793191FE7A5890075ABA9 /* NSObject+PrintAllProperty.m */; };
		FCF1633A1FEA33C100789D15 /* ExchangeViewController.m in Sources */ = {isa = PBXBuildFile; fileRef = FCF163381FEA33C100789D15 /* ExchangeViewController.m */; };
		FCF1633B1FEA33C100789D15 /* ExchangeViewController.xib in Resources */ = {isa = PBXBuildFile; fileRef = FCF163391FEA33C100789D15 /* ExchangeViewController.xib */; };
		FCF1994F1FDFA54C00B9CDF2 /* UINavigationController+CustomTransion.m in Sources */ = {isa = PBXBuildFile; fileRef = FCF1994E1FDFA54C00B9CDF2 /* UINavigationController+CustomTransion.m */; };
		FCF199521FDFA6FE00B9CDF2 /* WeakNSProxy.m in Sources */ = {isa = PBXBuildFile; fileRef = FCF199511FDFA6FE00B9CDF2 /* WeakNSProxy.m */; };
		FCF58DEF1FD90EE900F5D498 /* BerKeyFrameViewController.mm in Sources */ = {isa = PBXBuildFile; fileRef = FCF58DEE1FD90EE900F5D498 /* BerKeyFrameViewController.mm */; };
		FCF58DF21FD90FEF00F5D498 /* AnimationManager.mm in Sources */ = {isa = PBXBuildFile; fileRef = FCF58DF11FD90FEF00F5D498 /* AnimationManager.mm */; };
		FCFD32561FC7E87900B6476E /* KeyFrameViewController.m in Sources */ = {isa = PBXBuildFile; fileRef = FCFD32541FC7E87900B6476E /* KeyFrameViewController.m */; };
		FCFD32571FC7E87900B6476E /* KeyFrameViewController.xib in Resources */ = {isa = PBXBuildFile; fileRef = FCFD32551FC7E87900B6476E /* KeyFrameViewController.xib */; };
/* End PBXBuildFile section */

/* Begin PBXContainerItemProxy section */
		FCB7083E1FBDCD9A0094A903 /* PBXContainerItemProxy */ = {
			isa = PBXContainerItemProxy;
			containerPortal = FCB7081D1FBDCD9A0094A903 /* Project object */;
			proxyType = 1;
			remoteGlobalIDString = FCB708241FBDCD9A0094A903;
			remoteInfo = AdvancedUISDKUseAge;
		};
		FCB708491FBDCD9A0094A903 /* PBXContainerItemProxy */ = {
			isa = PBXContainerItemProxy;
			containerPortal = FCB7081D1FBDCD9A0094A903 /* Project object */;
			proxyType = 1;
			remoteGlobalIDString = FCB708241FBDCD9A0094A903;
			remoteInfo = AdvancedUISDKUseAge;
		};
/* End PBXContainerItemProxy section */

/* Begin PBXFileReference section */
		209A9D1B772ADD67EF1F35C8 /* libPods-AdvancedUISDKUseAge.a */ = {isa = PBXFileReference; explicitFileType = archive.ar; includeInIndex = 0; path = "libPods-AdvancedUISDKUseAge.a"; sourceTree = BUILT_PRODUCTS_DIR; };
		5503852F33A437A3742AA6EE /* Pods-AdvancedUISDKUseAge.debug.xcconfig */ = {isa = PBXFileReference; includeInIndex = 1; lastKnownFileType = text.xcconfig; name = "Pods-AdvancedUISDKUseAge.debug.xcconfig"; path = "Pods/Target Support Files/Pods-AdvancedUISDKUseAge/Pods-AdvancedUISDKUseAge.debug.xcconfig"; sourceTree = "<group>"; };
		C7A343C29B9F946AFB65BE85 /* Pods-AdvancedUISDKUseAge.release.xcconfig */ = {isa = PBXFileReference; includeInIndex = 1; lastKnownFileType = text.xcconfig; name = "Pods-AdvancedUISDKUseAge.release.xcconfig"; path = "Pods/Target Support Files/Pods-AdvancedUISDKUseAge/Pods-AdvancedUISDKUseAge.release.xcconfig"; sourceTree = "<group>"; };
		FC0A1DA51FD907D300D5F020 /* libstdc++.6.0.9.tbd */ = {isa = PBXFileReference; lastKnownFileType = "sourcecode.text-based-dylib-definition"; name = "libstdc++.6.0.9.tbd"; path = "usr/lib/libstdc++.6.0.9.tbd"; sourceTree = SDKROOT; };
		FC21DD0C1FBECD6A0003903A /* AFNetReqCls.h */ = {isa = PBXFileReference; lastKnownFileType = sourcecode.c.h; path = AFNetReqCls.h; sourceTree = "<group>"; };
		FC21DD0D1FBECD6A0003903A /* AFNetReqCls.m */ = {isa = PBXFileReference; lastKnownFileType = sourcecode.c.objc; path = AFNetReqCls.m; sourceTree = "<group>"; };
		FC21DD0E1FBECD880003903A /* NSString+MD5.h */ = {isa = PBXFileReference; lastKnownFileType = sourcecode.c.h; path = "NSString+MD5.h"; sourceTree = "<group>"; };
		FC21DD0F1FBECD880003903A /* NSString+MD5.m */ = {isa = PBXFileReference; lastKnownFileType = sourcecode.c.objc; path = "NSString+MD5.m"; sourceTree = "<group>"; };
		FC21DD101FBECE2D0003903A /* header.h */ = {isa = PBXFileReference; lastKnownFileType = sourcecode.c.h; path = header.h; sourceTree = "<group>"; };
		FC21DD111FBECE430003903A /* defineDocument.h */ = {isa = PBXFileReference; lastKnownFileType = sourcecode.c.h; path = defineDocument.h; sourceTree = "<group>"; };
		FC21DD121FBED20F0003903A /* DynamicViewController.h */ = {isa = PBXFileReference; lastKnownFileType = sourcecode.c.h; path = DynamicViewController.h; sourceTree = "<group>"; };
		FC21DD131FBED20F0003903A /* DynamicViewController.m */ = {isa = PBXFileReference; lastKnownFileType = sourcecode.c.objc; path = DynamicViewController.m; sourceTree = "<group>"; };
		FC21DD141FBED20F0003903A /* DynamicViewController.xib */ = {isa = PBXFileReference; lastKnownFileType = file.xib; path = DynamicViewController.xib; sourceTree = "<group>"; };
		FC399B931FDE1B81007E0CE5 /* AnimationDataManager.mm */ = {isa = PBXFileReference; lastKnownFileType = sourcecode.cpp.objcpp; path = AnimationDataManager.mm; sourceTree = "<group>"; };
		FC399B941FDE1B81007E0CE5 /* AnimationDataManager.h */ = {isa = PBXFileReference; lastKnownFileType = sourcecode.c.h; path = AnimationDataManager.h; sourceTree = "<group>"; };
		FC5B094F1FE8B771001A4EFD /* TestModel.h */ = {isa = PBXFileReference; lastKnownFileType = sourcecode.c.h; path = TestModel.h; sourceTree = "<group>"; };
		FC5B09501FE8B771001A4EFD /* TestModel.m */ = {isa = PBXFileReference; lastKnownFileType = sourcecode.c.objc; path = TestModel.m; sourceTree = "<group>"; };
		FC66B4591FF0C4B00095E283 /* TransitionViewController.h */ = {isa = PBXFileReference; lastKnownFileType = sourcecode.c.h; path = TransitionViewController.h; sourceTree = "<group>"; };
		FC66B45A1FF0C4B00095E283 /* TransitionViewController.m */ = {isa = PBXFileReference; lastKnownFileType = sourcecode.c.objc; path = TransitionViewController.m; sourceTree = "<group>"; };
		FC66B4621FF0C59D0095E283 /* NavTransitionDelegate.h */ = {isa = PBXFileReference; lastKnownFileType = sourcecode.c.h; path = NavTransitionDelegate.h; sourceTree = "<group>"; };
		FC66B4631FF0C59D0095E283 /* NavTransitionDelegate.m */ = {isa = PBXFileReference; lastKnownFileType = sourcecode.c.objc; path = NavTransitionDelegate.m; sourceTree = "<group>"; };
		FC66B4661FF0C7660095E283 /* Animator.m */ = {isa = PBXFileReference; lastKnownFileType = sourcecode.c.objc; path = Animator.m; sourceTree = "<group>"; };
		FC66B4671FF0C7660095E283 /* Animator.h */ = {isa = PBXFileReference; lastKnownFileType = sourcecode.c.h; path = Animator.h; sourceTree = "<group>"; };
		FC8402F91FD27DF700B540E0 /* BerKeyFrameViewController.h */ = {isa = PBXFileReference; lastKnownFileType = sourcecode.c.h; path = BerKeyFrameViewController.h; sourceTree = "<group>"; };
		FC8402FB1FD27DF700B540E0 /* BerKeyFrameViewController.xib */ = {isa = PBXFileReference; lastKnownFileType = file.xib; path = BerKeyFrameViewController.xib; sourceTree = "<group>"; };
		FCB708251FBDCD9A0094A903 /* AdvancedUISDKUseAge.app */ = {isa = PBXFileReference; explicitFileType = wrapper.application; includeInIndex = 0; path = AdvancedUISDKUseAge.app; sourceTree = BUILT_PRODUCTS_DIR; };
		FCB708281FBDCD9A0094A903 /* AppDelegate.h */ = {isa = PBXFileReference; lastKnownFileType = sourcecode.c.h; path = AppDelegate.h; sourceTree = "<group>"; };
		FCB708291FBDCD9A0094A903 /* AppDelegate.m */ = {isa = PBXFileReference; lastKnownFileType = sourcecode.c.objc; path = AppDelegate.m; sourceTree = "<group>"; };
		FCB7082F1FBDCD9A0094A903 /* Base */ = {isa = PBXFileReference; lastKnownFileType = file.storyboard; name = Base; path = Base.lproj/Main.storyboard; sourceTree = "<group>"; };
		FCB708311FBDCD9A0094A903 /* Assets.xcassets */ = {isa = PBXFileReference; lastKnownFileType = folder.assetcatalog; path = Assets.xcassets; sourceTree = "<group>"; };
		FCB708341FBDCD9A0094A903 /* Base */ = {isa = PBXFileReference; lastKnownFileType = file.storyboard; name = Base; path = Base.lproj/LaunchScreen.storyboard; sourceTree = "<group>"; };
		FCB708361FBDCD9A0094A903 /* Info.plist */ = {isa = PBXFileReference; lastKnownFileType = text.plist.xml; path = Info.plist; sourceTree = "<group>"; };
		FCB708371FBDCD9A0094A903 /* main.m */ = {isa = PBXFileReference; lastKnownFileType = sourcecode.c.objc; path = main.m; sourceTree = "<group>"; };
		FCB7083D1FBDCD9A0094A903 /* AdvancedUISDKUseAgeTests.xctest */ = {isa = PBXFileReference; explicitFileType = wrapper.cfbundle; includeInIndex = 0; path = AdvancedUISDKUseAgeTests.xctest; sourceTree = BUILT_PRODUCTS_DIR; };
		FCB708411FBDCD9A0094A903 /* AdvancedUISDKUseAgeTests.m */ = {isa = PBXFileReference; lastKnownFileType = sourcecode.c.objc; path = AdvancedUISDKUseAgeTests.m; sourceTree = "<group>"; };
		FCB708431FBDCD9A0094A903 /* Info.plist */ = {isa = PBXFileReference; lastKnownFileType = text.plist.xml; path = Info.plist; sourceTree = "<group>"; };
		FCB708481FBDCD9A0094A903 /* AdvancedUISDKUseAgeUITests.xctest */ = {isa = PBXFileReference; explicitFileType = wrapper.cfbundle; includeInIndex = 0; path = AdvancedUISDKUseAgeUITests.xctest; sourceTree = BUILT_PRODUCTS_DIR; };
		FCB7084C1FBDCD9A0094A903 /* AdvancedUISDKUseAgeUITests.m */ = {isa = PBXFileReference; lastKnownFileType = sourcecode.c.objc; path = AdvancedUISDKUseAgeUITests.m; sourceTree = "<group>"; };
		FCB7084E1FBDCD9A0094A903 /* Info.plist */ = {isa = PBXFileReference; lastKnownFileType = text.plist.xml; path = Info.plist; sourceTree = "<group>"; };
		FCB7085A1FBDDB110094A903 /* BaseNavViewController.h */ = {isa = PBXFileReference; lastKnownFileType = sourcecode.c.h; path = BaseNavViewController.h; sourceTree = "<group>"; };
		FCB7085B1FBDDB110094A903 /* BaseNavViewController.m */ = {isa = PBXFileReference; lastKnownFileType = sourcecode.c.objc; path = BaseNavViewController.m; sourceTree = "<group>"; };
		FCB7085D1FBDDB320094A903 /* BaseTabBarController.h */ = {isa = PBXFileReference; lastKnownFileType = sourcecode.c.h; path = BaseTabBarController.h; sourceTree = "<group>"; };
		FCB7085E1FBDDB320094A903 /* BaseTabBarController.m */ = {isa = PBXFileReference; lastKnownFileType = sourcecode.c.objc; path = BaseTabBarController.m; sourceTree = "<group>"; };
		FCB708611FBDDC790094A903 /* BaseViewController.h */ = {isa = PBXFileReference; lastKnownFileType = sourcecode.c.h; path = BaseViewController.h; sourceTree = "<group>"; };
		FCB708621FBDDC790094A903 /* BaseViewController.m */ = {isa = PBXFileReference; lastKnownFileType = sourcecode.c.objc; path = BaseViewController.m; sourceTree = "<group>"; };
		FCB708641FBDDCB30094A903 /* Item0ViewController.h */ = {isa = PBXFileReference; lastKnownFileType = sourcecode.c.h; path = Item0ViewController.h; sourceTree = "<group>"; };
		FCB708651FBDDCB30094A903 /* Item0ViewController.m */ = {isa = PBXFileReference; lastKnownFileType = sourcecode.c.objc; path = Item0ViewController.m; sourceTree = "<group>"; };
		FCB708661FBDDCB30094A903 /* Item0ViewController.xib */ = {isa = PBXFileReference; lastKnownFileType = file.xib; path = Item0ViewController.xib; sourceTree = "<group>"; };
		FCB708691FBDDCC30094A903 /* Item1ViewController.h */ = {isa = PBXFileReference; lastKnownFileType = sourcecode.c.h; path = Item1ViewController.h; sourceTree = "<group>"; };
		FCB7086A1FBDDCC30094A903 /* Item1ViewController.m */ = {isa = PBXFileReference; lastKnownFileType = sourcecode.c.objc; path = Item1ViewController.m; sourceTree = "<group>"; };
		FCB7086B1FBDDCC30094A903 /* Item1ViewController.xib */ = {isa = PBXFileReference; lastKnownFileType = file.xib; path = Item1ViewController.xib; sourceTree = "<group>"; };
		FCB7086E1FBDDCD00094A903 /* Item2ViewController.h */ = {isa = PBXFileReference; lastKnownFileType = sourcecode.c.h; path = Item2ViewController.h; sourceTree = "<group>"; };
		FCB7086F1FBDDCD00094A903 /* Item2ViewController.m */ = {isa = PBXFileReference; lastKnownFileType = sourcecode.c.objc; path = Item2ViewController.m; sourceTree = "<group>"; };
		FCB708701FBDDCD00094A903 /* Item2ViewController.xib */ = {isa = PBXFileReference; lastKnownFileType = file.xib; path = Item2ViewController.xib; sourceTree = "<group>"; };
		FCB708731FBDDCDE0094A903 /* Item3ViewController.h */ = {isa = PBXFileReference; lastKnownFileType = sourcecode.c.h; path = Item3ViewController.h; sourceTree = "<group>"; };
		FCB708791FBDDF7B0094A903 /* config.pch */ = {isa = PBXFileReference; lastKnownFileType = sourcecode.c.h; path = config.pch; sourceTree = "<group>"; };
		FCE793181FE7A5890075ABA9 /* NSObject+PrintAllProperty.h */ = {isa = PBXFileReference; lastKnownFileType = sourcecode.c.h; path = "NSObject+PrintAllProperty.h"; sourceTree = "<group>"; };
		FCE793191FE7A5890075ABA9 /* NSObject+PrintAllProperty.m */ = {isa = PBXFileReference; lastKnownFileType = sourcecode.c.objc; path = "NSObject+PrintAllProperty.m"; sourceTree = "<group>"; };
		FCF163371FEA33C100789D15 /* ExchangeViewController.h */ = {isa = PBXFileReference; lastKnownFileType = sourcecode.c.h; path = ExchangeViewController.h; sourceTree = "<group>"; };
		FCF163381FEA33C100789D15 /* ExchangeViewController.m */ = {isa = PBXFileReference; lastKnownFileType = sourcecode.c.objc; path = ExchangeViewController.m; sourceTree = "<group>"; };
		FCF163391FEA33C100789D15 /* ExchangeViewController.xib */ = {isa = PBXFileReference; lastKnownFileType = file.xib; path = ExchangeViewController.xib; sourceTree = "<group>"; };
		FCF1994D1FDFA54C00B9CDF2 /* UINavigationController+CustomTransion.h */ = {isa = PBXFileReference; lastKnownFileType = sourcecode.c.h; path = "UINavigationController+CustomTransion.h"; sourceTree = "<group>"; };
		FCF1994E1FDFA54C00B9CDF2 /* UINavigationController+CustomTransion.m */ = {isa = PBXFileReference; lastKnownFileType = sourcecode.c.objc; path = "UINavigationController+CustomTransion.m"; sourceTree = "<group>"; };
		FCF199501FDFA6FE00B9CDF2 /* WeakNSProxy.h */ = {isa = PBXFileReference; lastKnownFileType = sourcecode.c.h; path = WeakNSProxy.h; sourceTree = "<group>"; };
		FCF199511FDFA6FE00B9CDF2 /* WeakNSProxy.m */ = {isa = PBXFileReference; lastKnownFileType = sourcecode.c.objc; path = WeakNSProxy.m; sourceTree = "<group>"; };
		FCF58DEE1FD90EE900F5D498 /* BerKeyFrameViewController.mm */ = {isa = PBXFileReference; fileEncoding = 4; lastKnownFileType = sourcecode.cpp.objcpp; path = BerKeyFrameViewController.mm; sourceTree = "<group>"; };
		FCF58DF01FD90FEF00F5D498 /* AnimationManager.h */ = {isa = PBXFileReference; lastKnownFileType = sourcecode.c.h; path = AnimationManager.h; sourceTree = "<group>"; };
		FCF58DF11FD90FEF00F5D498 /* AnimationManager.mm */ = {isa = PBXFileReference; lastKnownFileType = sourcecode.cpp.objcpp; path = AnimationManager.mm; sourceTree = "<group>"; };
		FCF58DF41FD91D0500F5D498 /* libc++.tbd */ = {isa = PBXFileReference; lastKnownFileType = "sourcecode.text-based-dylib-definition"; name = "libc++.tbd"; path = "usr/lib/libc++.tbd"; sourceTree = SDKROOT; };
		FCFD32531FC7E87900B6476E /* KeyFrameViewController.h */ = {isa = PBXFileReference; lastKnownFileType = sourcecode.c.h; path = KeyFrameViewController.h; sourceTree = "<group>"; };
		FCFD32541FC7E87900B6476E /* KeyFrameViewController.m */ = {isa = PBXFileReference; lastKnownFileType = sourcecode.c.objc; path = KeyFrameViewController.m; sourceTree = "<group>"; };
		FCFD32551FC7E87900B6476E /* KeyFrameViewController.xib */ = {isa = PBXFileReference; lastKnownFileType = file.xib; path = KeyFrameViewController.xib; sourceTree = "<group>"; };
/* End PBXFileReference section */

/* Begin PBXFrameworksBuildPhase section */
		FCB708221FBDCD9A0094A903 /* Frameworks */ = {
			isa = PBXFrameworksBuildPhase;
			buildActionMask = 2147483647;
			files = (
				6101C84A7830EE8F63F23597 /* libPods-AdvancedUISDKUseAge.a in Frameworks */,
			);
			runOnlyForDeploymentPostprocessing = 0;
		};
		FCB7083A1FBDCD9A0094A903 /* Frameworks */ = {
			isa = PBXFrameworksBuildPhase;
			buildActionMask = 2147483647;
			files = (
			);
			runOnlyForDeploymentPostprocessing = 0;
		};
		FCB708451FBDCD9A0094A903 /* Frameworks */ = {
			isa = PBXFrameworksBuildPhase;
			buildActionMask = 2147483647;
			files = (
			);
			runOnlyForDeploymentPostprocessing = 0;
		};
/* End PBXFrameworksBuildPhase section */

/* Begin PBXGroup section */
		52B6403BF04598EEC199FED4 /* Pods */ = {
			isa = PBXGroup;
			children = (
				5503852F33A437A3742AA6EE /* Pods-AdvancedUISDKUseAge.debug.xcconfig */,
				C7A343C29B9F946AFB65BE85 /* Pods-AdvancedUISDKUseAge.release.xcconfig */,
			);
			name = Pods;
			sourceTree = "<group>";
		};
		792FA4F2D0637D0B4D1E8408 /* Frameworks */ = {
			isa = PBXGroup;
			children = (
				FCF58DF41FD91D0500F5D498 /* libc++.tbd */,
				FC0A1DA51FD907D300D5F020 /* libstdc++.6.0.9.tbd */,
				209A9D1B772ADD67EF1F35C8 /* libPods-AdvancedUISDKUseAge.a */,
			);
			name = Frameworks;
			sourceTree = "<group>";
		};
		FC21DD171FBED2160003903A /* VC */ = {
			isa = PBXGroup;
			children = (
				FCFD32521FC7E84F00B6476E /* DynamicVC */,
				FCFD32581FC7E87F00B6476E /* KeyFrameVC */,
				FC8402FE1FD27DFC00B540E0 /* BerKeyFrameVC */,
				FCF1633C1FEA33C900789D15 /* ExchangeVC */,
				FC66B45D1FF0C4BC0095E283 /* TransitionVC */,
			);
			path = VC;
			sourceTree = "<group>";
		};
		FC66B45D1FF0C4BC0095E283 /* TransitionVC */ = {
			isa = PBXGroup;
			children = (
				FC66B4591FF0C4B00095E283 /* TransitionViewController.h */,
				FC66B45A1FF0C4B00095E283 /* TransitionViewController.m */,
			);
			path = TransitionVC;
			sourceTree = "<group>";
		};
		FC66B4611FF0C57D0095E283 /* Delegate */ = {
			isa = PBXGroup;
			children = (
				FC66B4681FF0C76B0095E283 /* Animator */,
				FC66B4651FF0C6EC0095E283 /* NavDelegate */,
			);
			path = Delegate;
			sourceTree = "<group>";
		};
		FC66B4651FF0C6EC0095E283 /* NavDelegate */ = {
			isa = PBXGroup;
			children = (
				FC66B4621FF0C59D0095E283 /* NavTransitionDelegate.h */,
				FC66B4631FF0C59D0095E283 /* NavTransitionDelegate.m */,
			);
			path = NavDelegate;
			sourceTree = "<group>";
		};
		FC66B4681FF0C76B0095E283 /* Animator */ = {
			isa = PBXGroup;
			children = (
				FC66B4671FF0C7660095E283 /* Animator.h */,
				FC66B4661FF0C7660095E283 /* Animator.m */,
			);
			path = Animator;
			sourceTree = "<group>";
		};
		FC8402FE1FD27DFC00B540E0 /* BerKeyFrameVC */ = {
			isa = PBXGroup;
			children = (
				FC8402F91FD27DF700B540E0 /* BerKeyFrameViewController.h */,
				FCF58DEE1FD90EE900F5D498 /* BerKeyFrameViewController.mm */,
				FC8402FB1FD27DF700B540E0 /* BerKeyFrameViewController.xib */,
			);
			path = BerKeyFrameVC;
			sourceTree = "<group>";
		};
		FC97172F1FD904A0007F4027 /* MM */ = {
			isa = PBXGroup;
			children = (
				FCF58DF01FD90FEF00F5D498 /* AnimationManager.h */,
				FCF58DF11FD90FEF00F5D498 /* AnimationManager.mm */,
				FC399B931FDE1B81007E0CE5 /* AnimationDataManager.mm */,
				FC399B941FDE1B81007E0CE5 /* AnimationDataManager.h */,
			);
			path = MM;
			sourceTree = "<group>";
		};
		FCB7081C1FBDCD9A0094A903 = {
			isa = PBXGroup;
			children = (
				FCB708271FBDCD9A0094A903 /* AdvancedUISDKUseAge */,
				FCB708401FBDCD9A0094A903 /* AdvancedUISDKUseAgeTests */,
				FCB7084B1FBDCD9A0094A903 /* AdvancedUISDKUseAgeUITests */,
				FCB708261FBDCD9A0094A903 /* Products */,
				52B6403BF04598EEC199FED4 /* Pods */,
				792FA4F2D0637D0B4D1E8408 /* Frameworks */,
			);
			sourceTree = "<group>";
		};
		FCB708261FBDCD9A0094A903 /* Products */ = {
			isa = PBXGroup;
			children = (
				FCB708251FBDCD9A0094A903 /* AdvancedUISDKUseAge.app */,
				FCB7083D1FBDCD9A0094A903 /* AdvancedUISDKUseAgeTests.xctest */,
				FCB708481FBDCD9A0094A903 /* AdvancedUISDKUseAgeUITests.xctest */,
			);
			name = Products;
			sourceTree = "<group>";
		};
		FCB708271FBDCD9A0094A903 /* AdvancedUISDKUseAge */ = {
			isa = PBXGroup;
			children = (
				FCB708281FBDCD9A0094A903 /* AppDelegate.h */,
				FCB708291FBDCD9A0094A903 /* AppDelegate.m */,
				FC66B4611FF0C57D0095E283 /* Delegate */,
				FC97172F1FD904A0007F4027 /* MM */,
				FC21DD171FBED2160003903A /* VC */,
				FCB7087A1FBDDF810094A903 /* CommonShared */,
				FCB708781FBDDCE80094A903 /* ItemVC */,
				FCB708601FBDDB440094A903 /* Base */,
				FCB7082E1FBDCD9A0094A903 /* Main.storyboard */,
				FCB708311FBDCD9A0094A903 /* Assets.xcassets */,
				FCB708331FBDCD9A0094A903 /* LaunchScreen.storyboard */,
				FCB708361FBDCD9A0094A903 /* Info.plist */,
				FCB708371FBDCD9A0094A903 /* main.m */,
			);
			path = AdvancedUISDKUseAge;
			sourceTree = "<group>";
		};
		FCB708401FBDCD9A0094A903 /* AdvancedUISDKUseAgeTests */ = {
			isa = PBXGroup;
			children = (
				FCB708411FBDCD9A0094A903 /* AdvancedUISDKUseAgeTests.m */,
				FCB708431FBDCD9A0094A903 /* Info.plist */,
			);
			path = AdvancedUISDKUseAgeTests;
			sourceTree = "<group>";
		};
		FCB7084B1FBDCD9A0094A903 /* AdvancedUISDKUseAgeUITests */ = {
			isa = PBXGroup;
			children = (
				FCB7084C1FBDCD9A0094A903 /* AdvancedUISDKUseAgeUITests.m */,
				FCB7084E1FBDCD9A0094A903 /* Info.plist */,
			);
			path = AdvancedUISDKUseAgeUITests;
			sourceTree = "<group>";
		};
		FCB708601FBDDB440094A903 /* Base */ = {
			isa = PBXGroup;
			children = (
				FCB7085A1FBDDB110094A903 /* BaseNavViewController.h */,
				FCB7085B1FBDDB110094A903 /* BaseNavViewController.m */,
				FCB7085D1FBDDB320094A903 /* BaseTabBarController.h */,
				FCB7085E1FBDDB320094A903 /* BaseTabBarController.m */,
				FCB708611FBDDC790094A903 /* BaseViewController.h */,
				FCB708621FBDDC790094A903 /* BaseViewController.m */,
				FCF1994D1FDFA54C00B9CDF2 /* UINavigationController+CustomTransion.h */,
				FCF1994E1FDFA54C00B9CDF2 /* UINavigationController+CustomTransion.m */,
				FCE793181FE7A5890075ABA9 /* NSObject+PrintAllProperty.h */,
				FCE793191FE7A5890075ABA9 /* NSObject+PrintAllProperty.m */,
				FC5B094F1FE8B771001A4EFD /* TestModel.h */,
				FC5B09501FE8B771001A4EFD /* TestModel.m */,
				FCF199501FDFA6FE00B9CDF2 /* WeakNSProxy.h */,
				FCF199511FDFA6FE00B9CDF2 /* WeakNSProxy.m */,
			);
			path = Base;
			sourceTree = "<group>";
		};
		FCB708781FBDDCE80094A903 /* ItemVC */ = {
			isa = PBXGroup;
			children = (
				FCB708641FBDDCB30094A903 /* Item0ViewController.h */,
				FCB708651FBDDCB30094A903 /* Item0ViewController.m */,
				FCB708661FBDDCB30094A903 /* Item0ViewController.xib */,
				FCB708691FBDDCC30094A903 /* Item1ViewController.h */,
				FCB7086A1FBDDCC30094A903 /* Item1ViewController.m */,
				FCB7086B1FBDDCC30094A903 /* Item1ViewController.xib */,
				FCB7086E1FBDDCD00094A903 /* Item2ViewController.h */,
				FCB7086F1FBDDCD00094A903 /* Item2ViewController.m */,
				FCB708701FBDDCD00094A903 /* Item2ViewController.xib */,
				FCB708731FBDDCDE0094A903 /* Item3ViewController.h */,
			);
			path = ItemVC;
			sourceTree = "<group>";
		};
		FCB7087A1FBDDF810094A903 /* CommonShared */ = {
			isa = PBXGroup;
			children = (
				FC21DD0C1FBECD6A0003903A /* AFNetReqCls.h */,
				FC21DD0D1FBECD6A0003903A /* AFNetReqCls.m */,
				FC21DD0E1FBECD880003903A /* NSString+MD5.h */,
				FC21DD0F1FBECD880003903A /* NSString+MD5.m */,
				FCB708791FBDDF7B0094A903 /* config.pch */,
				FC21DD101FBECE2D0003903A /* header.h */,
				FC21DD111FBECE430003903A /* defineDocument.h */,
			);
			path = CommonShared;
			sourceTree = "<group>";
		};
		FCF1633C1FEA33C900789D15 /* ExchangeVC */ = {
			isa = PBXGroup;
			children = (
				FCF163371FEA33C100789D15 /* ExchangeViewController.h */,
				FCF163381FEA33C100789D15 /* ExchangeViewController.m */,
				FCF163391FEA33C100789D15 /* ExchangeViewController.xib */,
			);
			path = ExchangeVC;
			sourceTree = "<group>";
		};
		FCFD32521FC7E84F00B6476E /* DynamicVC */ = {
			isa = PBXGroup;
			children = (
				FC21DD121FBED20F0003903A /* DynamicViewController.h */,
				FC21DD131FBED20F0003903A /* DynamicViewController.m */,
				FC21DD141FBED20F0003903A /* DynamicViewController.xib */,
			);
			path = DynamicVC;
			sourceTree = "<group>";
		};
		FCFD32581FC7E87F00B6476E /* KeyFrameVC */ = {
			isa = PBXGroup;
			children = (
				FCFD32531FC7E87900B6476E /* KeyFrameViewController.h */,
				FCFD32541FC7E87900B6476E /* KeyFrameViewController.m */,
				FCFD32551FC7E87900B6476E /* KeyFrameViewController.xib */,
			);
			path = KeyFrameVC;
			sourceTree = "<group>";
		};
/* End PBXGroup section */

/* Begin PBXNativeTarget section */
		FCB708241FBDCD9A0094A903 /* AdvancedUISDKUseAge */ = {
			isa = PBXNativeTarget;
			buildConfigurationList = FCB708511FBDCD9A0094A903 /* Build configuration list for PBXNativeTarget "AdvancedUISDKUseAge" */;
			buildPhases = (
				3081FE97557D1EB0DF976BDE /* [CP] Check Pods Manifest.lock */,
				FCB708211FBDCD9A0094A903 /* Sources */,
				FCB708221FBDCD9A0094A903 /* Frameworks */,
				FCB708231FBDCD9A0094A903 /* Resources */,
				394012C3E74AFD7D4C19C778 /* [CP] Embed Pods Frameworks */,
				E3B1B6B28B49025AD9B565D2 /* [CP] Copy Pods Resources */,
			);
			buildRules = (
			);
			dependencies = (
			);
			name = AdvancedUISDKUseAge;
			productName = AdvancedUISDKUseAge;
			productReference = FCB708251FBDCD9A0094A903 /* AdvancedUISDKUseAge.app */;
			productType = "com.apple.product-type.application";
		};
		FCB7083C1FBDCD9A0094A903 /* AdvancedUISDKUseAgeTests */ = {
			isa = PBXNativeTarget;
			buildConfigurationList = FCB708541FBDCD9A0094A903 /* Build configuration list for PBXNativeTarget "AdvancedUISDKUseAgeTests" */;
			buildPhases = (
				FCB708391FBDCD9A0094A903 /* Sources */,
				FCB7083A1FBDCD9A0094A903 /* Frameworks */,
				FCB7083B1FBDCD9A0094A903 /* Resources */,
			);
			buildRules = (
			);
			dependencies = (
				FCB7083F1FBDCD9A0094A903 /* PBXTargetDependency */,
			);
			name = AdvancedUISDKUseAgeTests;
			productName = AdvancedUISDKUseAgeTests;
			productReference = FCB7083D1FBDCD9A0094A903 /* AdvancedUISDKUseAgeTests.xctest */;
			productType = "com.apple.product-type.bundle.unit-test";
		};
		FCB708471FBDCD9A0094A903 /* AdvancedUISDKUseAgeUITests */ = {
			isa = PBXNativeTarget;
			buildConfigurationList = FCB708571FBDCD9A0094A903 /* Build configuration list for PBXNativeTarget "AdvancedUISDKUseAgeUITests" */;
			buildPhases = (
				FCB708441FBDCD9A0094A903 /* Sources */,
				FCB708451FBDCD9A0094A903 /* Frameworks */,
				FCB708461FBDCD9A0094A903 /* Resources */,
			);
			buildRules = (
			);
			dependencies = (
				FCB7084A1FBDCD9A0094A903 /* PBXTargetDependency */,
			);
			name = AdvancedUISDKUseAgeUITests;
			productName = AdvancedUISDKUseAgeUITests;
			productReference = FCB708481FBDCD9A0094A903 /* AdvancedUISDKUseAgeUITests.xctest */;
			productType = "com.apple.product-type.bundle.ui-testing";
		};
/* End PBXNativeTarget section */

/* Begin PBXProject section */
		FCB7081D1FBDCD9A0094A903 /* Project object */ = {
			isa = PBXProject;
			attributes = {
				LastUpgradeCheck = 0900;
				ORGANIZATIONNAME = konglee;
				TargetAttributes = {
					FCB708241FBDCD9A0094A903 = {
						CreatedOnToolsVersion = 9.0;
						ProvisioningStyle = Automatic;
					};
					FCB7083C1FBDCD9A0094A903 = {
						CreatedOnToolsVersion = 9.0;
						ProvisioningStyle = Automatic;
						TestTargetID = FCB708241FBDCD9A0094A903;
					};
					FCB708471FBDCD9A0094A903 = {
						CreatedOnToolsVersion = 9.0;
						ProvisioningStyle = Automatic;
						TestTargetID = FCB708241FBDCD9A0094A903;
					};
				};
			};
			buildConfigurationList = FCB708201FBDCD9A0094A903 /* Build configuration list for PBXProject "AdvancedUISDKUseAge" */;
			compatibilityVersion = "Xcode 8.0";
			developmentRegion = en;
			hasScannedForEncodings = 0;
			knownRegions = (
				en,
				Base,
			);
			mainGroup = FCB7081C1FBDCD9A0094A903;
			productRefGroup = FCB708261FBDCD9A0094A903 /* Products */;
			projectDirPath = "";
			projectRoot = "";
			targets = (
				FCB708241FBDCD9A0094A903 /* AdvancedUISDKUseAge */,
				FCB7083C1FBDCD9A0094A903 /* AdvancedUISDKUseAgeTests */,
				FCB708471FBDCD9A0094A903 /* AdvancedUISDKUseAgeUITests */,
			);
		};
/* End PBXProject section */

/* Begin PBXResourcesBuildPhase section */
		FCB708231FBDCD9A0094A903 /* Resources */ = {
			isa = PBXResourcesBuildPhase;
			buildActionMask = 2147483647;
			files = (
				FCB708721FBDDCD00094A903 /* Item2ViewController.xib in Resources */,
				FCB7086D1FBDDCC30094A903 /* Item1ViewController.xib in Resources */,
				FC8402FD1FD27DF700B540E0 /* BerKeyFrameViewController.xib in Resources */,
				FCF1633B1FEA33C100789D15 /* ExchangeViewController.xib in Resources */,
				FCB708351FBDCD9A0094A903 /* LaunchScreen.storyboard in Resources */,
				FCB708321FBDCD9A0094A903 /* Assets.xcassets in Resources */,
				FC21DD161FBED20F0003903A /* DynamicViewController.xib in Resources */,
				FCB708681FBDDCB30094A903 /* Item0ViewController.xib in Resources */,
				FCFD32571FC7E87900B6476E /* KeyFrameViewController.xib in Resources */,
				FCB708301FBDCD9A0094A903 /* Main.storyboard in Resources */,
			);
			runOnlyForDeploymentPostprocessing = 0;
		};
		FCB7083B1FBDCD9A0094A903 /* Resources */ = {
			isa = PBXResourcesBuildPhase;
			buildActionMask = 2147483647;
			files = (
			);
			runOnlyForDeploymentPostprocessing = 0;
		};
		FCB708461FBDCD9A0094A903 /* Resources */ = {
			isa = PBXResourcesBuildPhase;
			buildActionMask = 2147483647;
			files = (
			);
			runOnlyForDeploymentPostprocessing = 0;
		};
/* End PBXResourcesBuildPhase section */

/* Begin PBXShellScriptBuildPhase section */
		3081FE97557D1EB0DF976BDE /* [CP] Check Pods Manifest.lock */ = {
			isa = PBXShellScriptBuildPhase;
			buildActionMask = 2147483647;
			files = (
			);
			inputPaths = (
			);
			name = "[CP] Check Pods Manifest.lock";
			outputPaths = (
			);
			runOnlyForDeploymentPostprocessing = 0;
			shellPath = /bin/sh;
			shellScript = "diff \"${PODS_ROOT}/../Podfile.lock\" \"${PODS_ROOT}/Manifest.lock\" > /dev/null\nif [ $? != 0 ] ; then\n    # print error to STDERR\n    echo \"error: The sandbox is not in sync with the Podfile.lock. Run 'pod install' or update your CocoaPods installation.\" >&2\n    exit 1\nfi\n";
			showEnvVarsInLog = 0;
		};
		394012C3E74AFD7D4C19C778 /* [CP] Embed Pods Frameworks */ = {
			isa = PBXShellScriptBuildPhase;
			buildActionMask = 2147483647;
			files = (
			);
			inputPaths = (
			);
			name = "[CP] Embed Pods Frameworks";
			outputPaths = (
			);
			runOnlyForDeploymentPostprocessing = 0;
			shellPath = /bin/sh;
			shellScript = "\"${SRCROOT}/Pods/Target Support Files/Pods-AdvancedUISDKUseAge/Pods-AdvancedUISDKUseAge-frameworks.sh\"\n";
			showEnvVarsInLog = 0;
		};
		E3B1B6B28B49025AD9B565D2 /* [CP] Copy Pods Resources */ = {
			isa = PBXShellScriptBuildPhase;
			buildActionMask = 2147483647;
			files = (
			);
			inputPaths = (
			);
			name = "[CP] Copy Pods Resources";
			outputPaths = (
			);
			runOnlyForDeploymentPostprocessing = 0;
			shellPath = /bin/sh;
			shellScript = "\"${SRCROOT}/Pods/Target Support Files/Pods-AdvancedUISDKUseAge/Pods-AdvancedUISDKUseAge-resources.sh\"\n";
			showEnvVarsInLog = 0;
		};
/* End PBXShellScriptBuildPhase section */

/* Begin PBXSourcesBuildPhase section */
		FCB708211FBDCD9A0094A903 /* Sources */ = {
			isa = PBXSourcesBuildPhase;
			buildActionMask = 2147483647;
			files = (
				FC35530B1FF0C86F00C691D1 /* Animator.m in Sources */,
				FCFD32561FC7E87900B6476E /* KeyFrameViewController.m in Sources */,
				FCB708711FBDDCD00094A903 /* Item2ViewController.m in Sources */,
				FCF58DEF1FD90EE900F5D498 /* BerKeyFrameViewController.mm in Sources */,
				FCB7086C1FBDDCC30094A903 /* Item1ViewController.m in Sources */,
				FCE7931A1FE7A5890075ABA9 /* NSObject+PrintAllProperty.m in Sources */,
				FCF58DF21FD90FEF00F5D498 /* AnimationManager.mm in Sources */,
				FCB7085F1FBDDB320094A903 /* BaseTabBarController.m in Sources */,
				FCF1633A1FEA33C100789D15 /* ExchangeViewController.m in Sources */,
				FCF1994F1FDFA54C00B9CDF2 /* UINavigationController+CustomTransion.m in Sources */,
				FCF199521FDFA6FE00B9CDF2 /* WeakNSProxy.m in Sources */,
				FC66B45B1FF0C4B00095E283 /* TransitionViewController.m in Sources */,
				FCB708631FBDDC790094A903 /* BaseViewController.m in Sources */,
				FCB708671FBDDCB30094A903 /* Item0ViewController.m in Sources */,
				FCB7085C1FBDDB110094A903 /* BaseNavViewController.m in Sources */,
				FC399B951FDE1B81007E0CE5 /* AnimationDataManager.mm in Sources */,
				FC5B09511FE8B771001A4EFD /* TestModel.m in Sources */,
				FC21DD151FBED20F0003903A /* DynamicViewController.m in Sources */,
				FC66B4641FF0C59D0095E283 /* NavTransitionDelegate.m in Sources */,
				FCB708381FBDCD9A0094A903 /* main.m in Sources */,
				FCB7082A1FBDCD9A0094A903 /* AppDelegate.m in Sources */,
			);
			runOnlyForDeploymentPostprocessing = 0;
		};
		FCB708391FBDCD9A0094A903 /* Sources */ = {
			isa = PBXSourcesBuildPhase;
			buildActionMask = 2147483647;
			files = (
				FCB708421FBDCD9A0094A903 /* AdvancedUISDKUseAgeTests.m in Sources */,
			);
			runOnlyForDeploymentPostprocessing = 0;
		};
		FCB708441FBDCD9A0094A903 /* Sources */ = {
			isa = PBXSourcesBuildPhase;
			buildActionMask = 2147483647;
			files = (
				FCB7084D1FBDCD9A0094A903 /* AdvancedUISDKUseAgeUITests.m in Sources */,
			);
			runOnlyForDeploymentPostprocessing = 0;
		};
/* End PBXSourcesBuildPhase section */

/* Begin PBXTargetDependency section */
		FCB7083F1FBDCD9A0094A903 /* PBXTargetDependency */ = {
			isa = PBXTargetDependency;
			target = FCB708241FBDCD9A0094A903 /* AdvancedUISDKUseAge */;
			targetProxy = FCB7083E1FBDCD9A0094A903 /* PBXContainerItemProxy */;
		};
		FCB7084A1FBDCD9A0094A903 /* PBXTargetDependency */ = {
			isa = PBXTargetDependency;
			target = FCB708241FBDCD9A0094A903 /* AdvancedUISDKUseAge */;
			targetProxy = FCB708491FBDCD9A0094A903 /* PBXContainerItemProxy */;
		};
/* End PBXTargetDependency section */

/* Begin PBXVariantGroup section */
		FCB7082E1FBDCD9A0094A903 /* Main.storyboard */ = {
			isa = PBXVariantGroup;
			children = (
				FCB7082F1FBDCD9A0094A903 /* Base */,
			);
			name = Main.storyboard;
			sourceTree = "<group>";
		};
		FCB708331FBDCD9A0094A903 /* LaunchScreen.storyboard */ = {
			isa = PBXVariantGroup;
			children = (
				FCB708341FBDCD9A0094A903 /* Base */,
			);
			name = LaunchScreen.storyboard;
			sourceTree = "<group>";
		};
/* End PBXVariantGroup section */

/* Begin XCBuildConfiguration section */
		FCB7084F1FBDCD9A0094A903 /* Debug */ = {
			isa = XCBuildConfiguration;
			buildSettings = {
				ALWAYS_SEARCH_USER_PATHS = NO;
				CLANG_ANALYZER_NONNULL = YES;
				CLANG_ANALYZER_NUMBER_OBJECT_CONVERSION = YES_AGGRESSIVE;
				CLANG_CXX_LANGUAGE_STANDARD = "gnu++14";
				CLANG_CXX_LIBRARY = "libc++";
				CLANG_ENABLE_MODULES = YES;
				CLANG_ENABLE_OBJC_ARC = YES;
				CLANG_WARN_BLOCK_CAPTURE_AUTORELEASING = YES;
				CLANG_WARN_BOOL_CONVERSION = YES;
				CLANG_WARN_COMMA = YES;
				CLANG_WARN_CONSTANT_CONVERSION = YES;
				CLANG_WARN_DIRECT_OBJC_ISA_USAGE = YES_ERROR;
				CLANG_WARN_DOCUMENTATION_COMMENTS = YES;
				CLANG_WARN_EMPTY_BODY = YES;
				CLANG_WARN_ENUM_CONVERSION = YES;
				CLANG_WARN_INFINITE_RECURSION = YES;
				CLANG_WARN_INT_CONVERSION = YES;
				CLANG_WARN_NON_LITERAL_NULL_CONVERSION = YES;
				CLANG_WARN_OBJC_LITERAL_CONVERSION = YES;
				CLANG_WARN_OBJC_ROOT_CLASS = YES_ERROR;
				CLANG_WARN_RANGE_LOOP_ANALYSIS = YES;
				CLANG_WARN_STRICT_PROTOTYPES = YES;
				CLANG_WARN_SUSPICIOUS_MOVE = YES;
				CLANG_WARN_UNGUARDED_AVAILABILITY = YES_AGGRESSIVE;
				CLANG_WARN_UNREACHABLE_CODE = YES;
				CLANG_WARN__DUPLICATE_METHOD_MATCH = YES;
				CODE_SIGN_IDENTITY = "iPhone Developer";
				COPY_PHASE_STRIP = NO;
				DEBUG_INFORMATION_FORMAT = dwarf;
				ENABLE_STRICT_OBJC_MSGSEND = YES;
				ENABLE_TESTABILITY = YES;
				GCC_C_LANGUAGE_STANDARD = gnu11;
				GCC_DYNAMIC_NO_PIC = NO;
				GCC_NO_COMMON_BLOCKS = YES;
				GCC_OPTIMIZATION_LEVEL = 0;
				GCC_PREPROCESSOR_DEFINITIONS = (
					"DEBUG=1",
					"$(inherited)",
				);
				GCC_WARN_64_TO_32_BIT_CONVERSION = YES;
				GCC_WARN_ABOUT_RETURN_TYPE = YES_ERROR;
				GCC_WARN_UNDECLARED_SELECTOR = YES;
				GCC_WARN_UNINITIALIZED_AUTOS = YES_AGGRESSIVE;
				GCC_WARN_UNUSED_FUNCTION = YES;
				GCC_WARN_UNUSED_VARIABLE = YES;
				IPHONEOS_DEPLOYMENT_TARGET = 8.0;
				MTL_ENABLE_DEBUG_INFO = YES;
				ONLY_ACTIVE_ARCH = YES;
				SDKROOT = iphoneos;
			};
			name = Debug;
		};
		FCB708501FBDCD9A0094A903 /* Release */ = {
			isa = XCBuildConfiguration;
			buildSettings = {
				ALWAYS_SEARCH_USER_PATHS = NO;
				CLANG_ANALYZER_NONNULL = YES;
				CLANG_ANALYZER_NUMBER_OBJECT_CONVERSION = YES_AGGRESSIVE;
				CLANG_CXX_LANGUAGE_STANDARD = "gnu++14";
				CLANG_CXX_LIBRARY = "libc++";
				CLANG_ENABLE_MODULES = YES;
				CLANG_ENABLE_OBJC_ARC = YES;
				CLANG_WARN_BLOCK_CAPTURE_AUTORELEASING = YES;
				CLANG_WARN_BOOL_CONVERSION = YES;
				CLANG_WARN_COMMA = YES;
				CLANG_WARN_CONSTANT_CONVERSION = YES;
				CLANG_WARN_DIRECT_OBJC_ISA_USAGE = YES_ERROR;
				CLANG_WARN_DOCUMENTATION_COMMENTS = YES;
				CLANG_WARN_EMPTY_BODY = YES;
				CLANG_WARN_ENUM_CONVERSION = YES;
				CLANG_WARN_INFINITE_RECURSION = YES;
				CLANG_WARN_INT_CONVERSION = YES;
				CLANG_WARN_NON_LITERAL_NULL_CONVERSION = YES;
				CLANG_WARN_OBJC_LITERAL_CONVERSION = YES;
				CLANG_WARN_OBJC_ROOT_CLASS = YES_ERROR;
				CLANG_WARN_RANGE_LOOP_ANALYSIS = YES;
				CLANG_WARN_STRICT_PROTOTYPES = YES;
				CLANG_WARN_SUSPICIOUS_MOVE = YES;
				CLANG_WARN_UNGUARDED_AVAILABILITY = YES_AGGRESSIVE;
				CLANG_WARN_UNREACHABLE_CODE = YES;
				CLANG_WARN__DUPLICATE_METHOD_MATCH = YES;
				CODE_SIGN_IDENTITY = "iPhone Developer";
				COPY_PHASE_STRIP = NO;
				DEBUG_INFORMATION_FORMAT = "dwarf-with-dsym";
				ENABLE_NS_ASSERTIONS = NO;
				ENABLE_STRICT_OBJC_MSGSEND = YES;
				GCC_C_LANGUAGE_STANDARD = gnu11;
				GCC_NO_COMMON_BLOCKS = YES;
				GCC_WARN_64_TO_32_BIT_CONVERSION = YES;
				GCC_WARN_ABOUT_RETURN_TYPE = YES_ERROR;
				GCC_WARN_UNDECLARED_SELECTOR = YES;
				GCC_WARN_UNINITIALIZED_AUTOS = YES_AGGRESSIVE;
				GCC_WARN_UNUSED_FUNCTION = YES;
				GCC_WARN_UNUSED_VARIABLE = YES;
				IPHONEOS_DEPLOYMENT_TARGET = 8.0;
				MTL_ENABLE_DEBUG_INFO = NO;
				SDKROOT = iphoneos;
				VALIDATE_PRODUCT = YES;
			};
			name = Release;
		};
		FCB708521FBDCD9A0094A903 /* Debug */ = {
			isa = XCBuildConfiguration;
			baseConfigurationReference = 5503852F33A437A3742AA6EE /* Pods-AdvancedUISDKUseAge.debug.xcconfig */;
			buildSettings = {
				ALWAYS_SEARCH_USER_PATHS = YES;
				ASSETCATALOG_COMPILER_APPICON_NAME = AppIcon;
				CLANG_CXX_LANGUAGE_STANDARD = "c++0x";
				CLANG_CXX_LIBRARY = "libc++";
				CODE_SIGN_STYLE = Automatic;
				DEVELOPMENT_TEAM = ML9NWM8SSX;
				GCC_C_LANGUAGE_STANDARD = gnu99;
				GCC_PREFIX_HEADER = "$(SRCROOT)/AdvancedUISDKUseAge/CommonShared/config.pch";
				HEADER_SEARCH_PATHS = (
					"$(inherited)",
					"\"${PODS_ROOT}/Headers/Public\"",
					"\"${PODS_ROOT}/Headers/Public/AFNetworking\"",
					"\"${PODS_ROOT}/Headers/Public/FMDB\"",
					"\"${PODS_ROOT}/Headers/Public/SDWebImage\"",
				);
				INFOPLIST_FILE = AdvancedUISDKUseAge/Info.plist;
				IPHONEOS_DEPLOYMENT_TARGET = 8.0;
				LD_RUNPATH_SEARCH_PATHS = "$(inherited) @executable_path/Frameworks";
				OTHER_LDFLAGS = (
					"$(inherited)",
					"-ObjC",
					"-l\"AFNetworking\"",
					"-l\"FMDB\"",
					"-l\"SDWebImage\"",
					"-l\"sqlite3\"",
					"-framework",
					"\"CoreGraphics\"",
					"-framework",
					"\"ImageIO\"",
					"-framework",
					"\"MobileCoreServices\"",
					"-framework",
					"\"Security\"",
					"-framework",
					"\"SystemConfiguration\"",
				);
				PRODUCT_BUNDLE_IDENTIFIER = kong.AdvancedUISDKUseAgea;
				PRODUCT_NAME = "$(TARGET_NAME)";
				TARGETED_DEVICE_FAMILY = "1,2";
			};
			name = Debug;
		};
		FCB708531FBDCD9A0094A903 /* Release */ = {
			isa = XCBuildConfiguration;
			baseConfigurationReference = C7A343C29B9F946AFB65BE85 /* Pods-AdvancedUISDKUseAge.release.xcconfig */;
			buildSettings = {
				ALWAYS_SEARCH_USER_PATHS = YES;
				ASSETCATALOG_COMPILER_APPICON_NAME = AppIcon;
				CLANG_CXX_LANGUAGE_STANDARD = "c++0x";
				CLANG_CXX_LIBRARY = "libc++";
				CODE_SIGN_STYLE = Automatic;
				DEVELOPMENT_TEAM = ML9NWM8SSX;
				GCC_C_LANGUAGE_STANDARD = gnu99;
				GCC_PREFIX_HEADER = "$(SRCROOT)/AdvancedUISDKUseAge/CommonShared/config.pch";
				HEADER_SEARCH_PATHS = (
					"$(inherited)",
					"\"${PODS_ROOT}/Headers/Public\"",
					"\"${PODS_ROOT}/Headers/Public/AFNetworking\"",
					"\"${PODS_ROOT}/Headers/Public/FMDB\"",
					"\"${PODS_ROOT}/Headers/Public/SDWebImage\"",
				);
				INFOPLIST_FILE = AdvancedUISDKUseAge/Info.plist;
				IPHONEOS_DEPLOYMENT_TARGET = 8.0;
				LD_RUNPATH_SEARCH_PATHS = "$(inherited) @executable_path/Frameworks";
				OTHER_LDFLAGS = (
					"$(inherited)",
					"-ObjC",
					"-l\"AFNetworking\"",
					"-l\"FMDB\"",
					"-l\"SDWebImage\"",
					"-l\"sqlite3\"",
					"-framework",
					"\"CoreGraphics\"",
					"-framework",
					"\"ImageIO\"",
					"-framework",
					"\"MobileCoreServices\"",
					"-framework",
					"\"Security\"",
					"-framework",
					"\"SystemConfiguration\"",
				);
				PRODUCT_BUNDLE_IDENTIFIER = kong.AdvancedUISDKUseAgea;
				PRODUCT_NAME = "$(TARGET_NAME)";
				TARGETED_DEVICE_FAMILY = "1,2";
			};
			name = Release;
		};
		FCB708551FBDCD9A0094A903 /* Debug */ = {
			isa = XCBuildConfiguration;
			buildSettings = {
				BUNDLE_LOADER = "$(TEST_HOST)";
				CODE_SIGN_STYLE = Automatic;
				DEVELOPMENT_TEAM = ML9NWM8SSX;
				INFOPLIST_FILE = AdvancedUISDKUseAgeTests/Info.plist;
				LD_RUNPATH_SEARCH_PATHS = "$(inherited) @executable_path/Frameworks @loader_path/Frameworks";
				PRODUCT_BUNDLE_IDENTIFIER = kong.AdvancedUISDKUseAgeTests;
				PRODUCT_NAME = "$(TARGET_NAME)";
				TARGETED_DEVICE_FAMILY = "1,2";
				TEST_HOST = "$(BUILT_PRODUCTS_DIR)/AdvancedUISDKUseAge.app/AdvancedUISDKUseAge";
			};
			name = Debug;
		};
		FCB708561FBDCD9A0094A903 /* Release */ = {
			isa = XCBuildConfiguration;
			buildSettings = {
				BUNDLE_LOADER = "$(TEST_HOST)";
				CODE_SIGN_STYLE = Automatic;
				DEVELOPMENT_TEAM = ML9NWM8SSX;
				INFOPLIST_FILE = AdvancedUISDKUseAgeTests/Info.plist;
				LD_RUNPATH_SEARCH_PATHS = "$(inherited) @executable_path/Frameworks @loader_path/Frameworks";
				PRODUCT_BUNDLE_IDENTIFIER = kong.AdvancedUISDKUseAgeTests;
				PRODUCT_NAME = "$(TARGET_NAME)";
				TARGETED_DEVICE_FAMILY = "1,2";
				TEST_HOST = "$(BUILT_PRODUCTS_DIR)/AdvancedUISDKUseAge.app/AdvancedUISDKUseAge";
			};
			name = Release;
		};
		FCB708581FBDCD9A0094A903 /* Debug */ = {
			isa = XCBuildConfiguration;
			buildSettings = {
				CODE_SIGN_STYLE = Automatic;
				DEVELOPMENT_TEAM = ML9NWM8SSX;
				INFOPLIST_FILE = AdvancedUISDKUseAgeUITests/Info.plist;
				LD_RUNPATH_SEARCH_PATHS = "$(inherited) @executable_path/Frameworks @loader_path/Frameworks";
				PRODUCT_BUNDLE_IDENTIFIER = kong.AdvancedUISDKUseAgeUITests;
				PRODUCT_NAME = "$(TARGET_NAME)";
				TARGETED_DEVICE_FAMILY = "1,2";
				TEST_TARGET_NAME = AdvancedUISDKUseAge;
			};
			name = Debug;
		};
		FCB708591FBDCD9A0094A903 /* Release */ = {
			isa = XCBuildConfiguration;
			buildSettings = {
				CODE_SIGN_STYLE = Automatic;
				DEVELOPMENT_TEAM = ML9NWM8SSX;
				INFOPLIST_FILE = AdvancedUISDKUseAgeUITests/Info.plist;
				LD_RUNPATH_SEARCH_PATHS = "$(inherited) @executable_path/Frameworks @loader_path/Frameworks";
				PRODUCT_BUNDLE_IDENTIFIER = kong.AdvancedUISDKUseAgeUITests;
				PRODUCT_NAME = "$(TARGET_NAME)";
				TARGETED_DEVICE_FAMILY = "1,2";
				TEST_TARGET_NAME = AdvancedUISDKUseAge;
			};
			name = Release;
		};
/* End XCBuildConfiguration section */

/* Begin XCConfigurationList section */
		FCB708201FBDCD9A0094A903 /* Build configuration list for PBXProject "AdvancedUISDKUseAge" */ = {
			isa = XCConfigurationList;
			buildConfigurations = (
				FCB7084F1FBDCD9A0094A903 /* Debug */,
				FCB708501FBDCD9A0094A903 /* Release */,
			);
			defaultConfigurationIsVisible = 0;
			defaultConfigurationName = Release;
		};
		FCB708511FBDCD9A0094A903 /* Build configuration list for PBXNativeTarget "AdvancedUISDKUseAge" */ = {
			isa = XCConfigurationList;
			buildConfigurations = (
				FCB708521FBDCD9A0094A903 /* Debug */,
				FCB708531FBDCD9A0094A903 /* Release */,
			);
			defaultConfigurationIsVisible = 0;
			defaultConfigurationName = Release;
		};
		FCB708541FBDCD9A0094A903 /* Build configuration list for PBXNativeTarget "AdvancedUISDKUseAgeTests" */ = {
			isa = XCConfigurationList;
			buildConfigurations = (
				FCB708551FBDCD9A0094A903 /* Debug */,
				FCB708561FBDCD9A0094A903 /* Release */,
			);
			defaultConfigurationIsVisible = 0;
			defaultConfigurationName = Release;
		};
		FCB708571FBDCD9A0094A903 /* Build configuration list for PBXNativeTarget "AdvancedUISDKUseAgeUITests" */ = {
			isa = XCConfigurationList;
			buildConfigurations = (
				FCB708581FBDCD9A0094A903 /* Debug */,
				FCB708591FBDCD9A0094A903 /* Release */,
			);
			defaultConfigurationIsVisible = 0;
			defaultConfigurationName = Release;
		};
/* End XCConfigurationList section */
	};
	rootObject = FCB7081D1FBDCD9A0094A903 /* Project object */;
}
